{
  "name": "graphql-server",
  "version": "1.0.0",
  "lockfileVersion": 1,
  "requires": true,
  "dependencies": {
    "graphql": {
      "version": "15.0.0",
      "resolved": "https://registry.npmjs.org/graphql/-/graphql-15.0.0.tgz",
      "integrity": "sha512-ZyVO1xIF9F+4cxfkdhOJINM+51B06Friuv4M66W7HzUOeFd+vNzUn4vtswYINPi6sysjf1M2Ri/rwZALqgwbaQ=="
    }
  }
}
